<?xml version="1.0" encoding="utf-8"?>
<Project ToolsVersion="4.0" xmlns="http://schemas.microsoft.com/developer/msbuild/2003">
  <ItemGroup>
    <Filter Include="jni_jdk1_6_24">
      <UniqueIdentifier>{d5c999ba-8828-4854-816d-35048b023945}</UniqueIdentifier>
    </Filter>
    <Filter Include="jwebtop">
      <UniqueIdentifier>{6836dc99-0bc0-444c-81ab-70df4acf0458}</UniqueIdentifier>
    </Filter>
    <Filter Include="fastipc">
      <UniqueIdentifier>{fcfbb3f5-5112-43b1-8242-1ac280c9d926}</UniqueIdentifier>
    </Filter>
  </ItemGroup>
  <ItemGroup>
    <ClCompile Include="javautils.cpp">
      <Filter>jwebtop</Filter>
    </ClCompile>
    <ClCompile Include="jwebtop_jni.cpp">
      <Filter>jwebtop</Filter>
    </ClCompile>
    <ClCompile Include="fastipc\FastIPC_JNI.cpp">
      <Filter>fastipc</Filter>
    </ClCompile>
  </ItemGroup>
  <ItemGroup>
    <ClInclude Include="jni_jdk1_6_24\jni.h">
      <Filter>jni_jdk1_6_24</Filter>
    </ClInclude>
    <ClInclude Include="jni_jdk1_6_24\jni_md.h">
      <Filter>jni_jdk1_6_24</Filter>
    </ClInclude>
    <ClInclude Include="org_jwebtop_JWebTopNative.h">
      <Filter>jwebtop</Filter>
    </ClInclude>
    <ClInclude Include="javautils.h">
      <Filter>jwebtop</Filter>
    </ClInclude>
    <ClInclude Include="fastipc\org_fastipc_FastIPCNative.h">
      <Filter>fastipc</Filter>
    </ClInclude>
  </ItemGroup>
  <ItemGroup>
    <None Include="..\JWebTop_DLL\JWebTop_DLL.vcxproj" />
  </ItemGroup>
</Project>