<?xml version="1.0" encoding="utf-8"?>
<Project ToolsVersion="4.0" xmlns="http://schemas.microsoft.com/developer/msbuild/2003">
  <ItemGroup>
    <Filter Include="jni_jdk1_6_24">
      <UniqueIdentifier>{d5c999ba-8828-4854-816d-35048b023945}</UniqueIdentifier>
    </Filter>
    <Filter Include="jwebtop">
      <UniqueIdentifier>{6836dc99-0bc0-444c-81ab-70df4acf0458}</UniqueIdentifier>
    </Filter>
    <Filter Include="common">
      <UniqueIdentifier>{21a2dd2a-6a09-4b06-b719-871a589ca764}</UniqueIdentifier>
    </Filter>
    <Filter Include="common\tests">
      <UniqueIdentifier>{1674c460-35f0-41e9-97b7-a0ebcd98c3ac}</UniqueIdentifier>
    </Filter>
    <Filter Include="common\util">
      <UniqueIdentifier>{a0aa33d1-f2d6-46be-adf4-154abe89a82f}</UniqueIdentifier>
    </Filter>
    <Filter Include="common\winctrl">
      <UniqueIdentifier>{15f36faf-7805-45cc-8f6b-506d271052b2}</UniqueIdentifier>
    </Filter>
    <Filter Include="common\process">
      <UniqueIdentifier>{d10347c3-20ce-4dbb-afc5-6cff4058f243}</UniqueIdentifier>
    </Filter>
    <Filter Include="common\task">
      <UniqueIdentifier>{4fbb2432-a9bc-4cb5-849a-11c2d762f1cd}</UniqueIdentifier>
    </Filter>
    <Filter Include="common\msgwin">
      <UniqueIdentifier>{12bbe271-798d-49a1-9349-e2dca9f760b3}</UniqueIdentifier>
    </Filter>
  </ItemGroup>
  <ItemGroup>
    <ClCompile Include="jwebtop.cpp">
      <Filter>jwebtop</Filter>
    </ClCompile>
    <ClCompile Include="..\common\tests\TestUtil.cpp">
      <Filter>common\tests</Filter>
    </ClCompile>
    <ClCompile Include="..\common\util\StrUtil.cpp">
      <Filter>common\util</Filter>
    </ClCompile>
    <ClCompile Include="..\common\winctrl\JWebTopWinCtrl.cpp">
      <Filter>common\winctrl</Filter>
    </ClCompile>
    <ClCompile Include="..\common\process\MultiProcess.cpp">
      <Filter>common\process</Filter>
    </ClCompile>
    <ClCompile Include="javautils.cpp">
      <Filter>jwebtop</Filter>
    </ClCompile>
    <ClCompile Include="..\common\task\Task.cpp">
      <Filter>common\task</Filter>
    </ClCompile>
    <ClCompile Include="..\common\JWebTopMsg.cpp">
      <Filter>common</Filter>
    </ClCompile>
    <ClCompile Include="..\common\msgwin\MsgWin.cpp">
      <Filter>common\msgwin</Filter>
    </ClCompile>
  </ItemGroup>
  <ItemGroup>
    <ClInclude Include="jni_jdk1_6_24\jawt.h">
      <Filter>jni_jdk1_6_24</Filter>
    </ClInclude>
    <ClInclude Include="jni_jdk1_6_24\jawt_md.h">
      <Filter>jni_jdk1_6_24</Filter>
    </ClInclude>
    <ClInclude Include="jni_jdk1_6_24\jni.h">
      <Filter>jni_jdk1_6_24</Filter>
    </ClInclude>
    <ClInclude Include="jni_jdk1_6_24\jni_md.h">
      <Filter>jni_jdk1_6_24</Filter>
    </ClInclude>
    <ClInclude Include="org_jwebtop_JWebTopNative.h">
      <Filter>jwebtop</Filter>
    </ClInclude>
    <ClInclude Include="javautils.h">
      <Filter>jwebtop</Filter>
    </ClInclude>
    <ClInclude Include="..\common\tests\TestUtil.h">
      <Filter>common\tests</Filter>
    </ClInclude>
    <ClInclude Include="..\common\util\StrUtil.h">
      <Filter>common\util</Filter>
    </ClInclude>
    <ClInclude Include="..\common\winctrl\JWebTopWinCtrl.h">
      <Filter>common\winctrl</Filter>
    </ClInclude>
    <ClInclude Include="..\common\process\MultiProcess.h">
      <Filter>common\process</Filter>
    </ClInclude>
    <ClInclude Include="..\common\task\Task.h">
      <Filter>common\task</Filter>
    </ClInclude>
    <ClInclude Include="..\common\JWebTopMsg.h">
      <Filter>common</Filter>
    </ClInclude>
    <ClInclude Include="..\common\msgwin\MsgWin.h">
      <Filter>common\msgwin</Filter>
    </ClInclude>
  </ItemGroup>
</Project>