Microsoft Visual Studio Solution File, Format Version 12.00
# Visual Studio 2013
VisualStudioVersion = 12.0.21005.1
MinimumVisualStudioVersion = 10.0.40219.1
Project("{8BC9CEB8-8B4A-11D0-8D11-00A0C91BC942}") = "libcef_dll_wrapper", "libcef_dll\libcef_dll_wrapper.vcxproj", "{DC86979F-523F-4DE4-9166-54CED83695D9}"
EndProject
Project("{8BC9CEB8-8B4A-11D0-8D11-00A0C91BC942}") = "JWebTop", "JWebTop\JWebTop.vcxproj", "{5A1BEDBD-F4AB-4778-B723-F4DB5B07F107}"
EndProject
Project("{8BC9CEB8-8B4A-11D0-8D11-00A0C91BC942}") = "JWebTop_JNI", "JWebTop_JNI\JWebTop_JNI.vcxproj", "{654A6CD3-E5DC-499F-9887-5770D1D627FF}"
EndProject
Project("{FAE04EC0-301F-11D3-BF4B-00C04F79EFBC}") = "JWebTop_CSharp_Lib", "JWebTop_CSharp_Lib\JWebTop_CSharp_Lib.csproj", "{4E55FA19-3BAB-4229-8819-9EA7873A5E90}"
EndProject
Project("{FAE04EC0-301F-11D3-BF4B-00C04F79EFBC}") = "JWebTop_CSharp_Demo", "..\demos\JWebTop_CSharp_Demo\JWebTop_CSharp_Demo.csproj", "{F54DAD0F-570F-45E9-8F9C-61A3BCC4476D}"
EndProject
Project("{8BC9CEB8-8B4A-11D0-8D11-00A0C91BC942}") = "JWebTopCommon", "JWebTopCommon\JWebTopCommon.vcxproj", "{6BD8E842-723A-47BA-83A4-FA357465DC13}"
EndProject
Project("{8BC9CEB8-8B4A-11D0-8D11-00A0C91BC942}") = "JWebTop_CSharp_DLL", "JWebTop_CSharp_DLL\JWebTop_CSharp_DLL.vcxproj", "{FDE79515-195F-4C3F-98EB-FB9D47839D9D}"
EndProject
Project("{8BC9CEB8-8B4A-11D0-8D11-00A0C91BC942}") = "JWebTop_MFC_DEMO", "..\demos\JWebTop_MFC_DEMO\JWebTop_MFC_DEMO.vcxproj", "{B7BB166E-50C9-4482-BAB6-B56541A068FF}"
EndProject
Global
	GlobalSection(SolutionConfigurationPlatforms) = preSolution
		Debug|Any CPU = Debug|Any CPU
		Debug|Mixed Platforms = Debug|Mixed Platforms
		Debug|Win32 = Debug|Win32
		Release|Any CPU = Release|Any CPU
		Release|Mixed Platforms = Release|Mixed Platforms
		Release|Win32 = Release|Win32
		发布版本|Any CPU = 发布版本|Any CPU
		发布版本|Mixed Platforms = 发布版本|Mixed Platforms
		发布版本|Win32 = 发布版本|Win32
	EndGlobalSection
	GlobalSection(ProjectConfigurationPlatforms) = postSolution
		{DC86979F-523F-4DE4-9166-54CED83695D9}.Debug|Any CPU.ActiveCfg = Debug|Win32
		{DC86979F-523F-4DE4-9166-54CED83695D9}.Debug|Mixed Platforms.ActiveCfg = Debug|Win32
		{DC86979F-523F-4DE4-9166-54CED83695D9}.Debug|Win32.ActiveCfg = Debug|Win32
		{DC86979F-523F-4DE4-9166-54CED83695D9}.Debug|Win32.Build.0 = Debug|Win32
		{DC86979F-523F-4DE4-9166-54CED83695D9}.Release|Any CPU.ActiveCfg = Release|Win32
		{DC86979F-523F-4DE4-9166-54CED83695D9}.Release|Mixed Platforms.ActiveCfg = Release|Win32
		{DC86979F-523F-4DE4-9166-54CED83695D9}.Release|Win32.ActiveCfg = Release|Win32
		{DC86979F-523F-4DE4-9166-54CED83695D9}.Release|Win32.Build.0 = Release|Win32
		{DC86979F-523F-4DE4-9166-54CED83695D9}.发布版本|Any CPU.ActiveCfg = 发布版本|Win32
		{DC86979F-523F-4DE4-9166-54CED83695D9}.发布版本|Mixed Platforms.ActiveCfg = 发布版本|Win32
		{DC86979F-523F-4DE4-9166-54CED83695D9}.发布版本|Win32.ActiveCfg = 发布版本|Win32
		{5A1BEDBD-F4AB-4778-B723-F4DB5B07F107}.Debug|Any CPU.ActiveCfg = Debug|Win32
		{5A1BEDBD-F4AB-4778-B723-F4DB5B07F107}.Debug|Mixed Platforms.ActiveCfg = Debug|Win32
		{5A1BEDBD-F4AB-4778-B723-F4DB5B07F107}.Debug|Mixed Platforms.Build.0 = Debug|Win32
		{5A1BEDBD-F4AB-4778-B723-F4DB5B07F107}.Debug|Win32.ActiveCfg = Debug|Win32
		{5A1BEDBD-F4AB-4778-B723-F4DB5B07F107}.Debug|Win32.Build.0 = Debug|Win32
		{5A1BEDBD-F4AB-4778-B723-F4DB5B07F107}.Release|Any CPU.ActiveCfg = Release|Win32
		{5A1BEDBD-F4AB-4778-B723-F4DB5B07F107}.Release|Mixed Platforms.ActiveCfg = Release|Win32
		{5A1BEDBD-F4AB-4778-B723-F4DB5B07F107}.Release|Mixed Platforms.Build.0 = Release|Win32
		{5A1BEDBD-F4AB-4778-B723-F4DB5B07F107}.Release|Win32.ActiveCfg = Release|Win32
		{5A1BEDBD-F4AB-4778-B723-F4DB5B07F107}.Release|Win32.Build.0 = Release|Win32
		{5A1BEDBD-F4AB-4778-B723-F4DB5B07F107}.发布版本|Any CPU.ActiveCfg = 发布版本|Win32
		{5A1BEDBD-F4AB-4778-B723-F4DB5B07F107}.发布版本|Mixed Platforms.ActiveCfg = 发布版本|Win32
		{5A1BEDBD-F4AB-4778-B723-F4DB5B07F107}.发布版本|Mixed Platforms.Build.0 = 发布版本|Win32
		{5A1BEDBD-F4AB-4778-B723-F4DB5B07F107}.发布版本|Win32.ActiveCfg = 发布版本|Win32
		{5A1BEDBD-F4AB-4778-B723-F4DB5B07F107}.发布版本|Win32.Build.0 = 发布版本|Win32
		{654A6CD3-E5DC-499F-9887-5770D1D627FF}.Debug|Any CPU.ActiveCfg = Debug|Win32
		{654A6CD3-E5DC-499F-9887-5770D1D627FF}.Debug|Mixed Platforms.ActiveCfg = Debug|Win32
		{654A6CD3-E5DC-499F-9887-5770D1D627FF}.Debug|Mixed Platforms.Build.0 = Debug|Win32
		{654A6CD3-E5DC-499F-9887-5770D1D627FF}.Debug|Win32.ActiveCfg = Debug|Win32
		{654A6CD3-E5DC-499F-9887-5770D1D627FF}.Debug|Win32.Build.0 = Debug|Win32
		{654A6CD3-E5DC-499F-9887-5770D1D627FF}.Release|Any CPU.ActiveCfg = Release|Win32
		{654A6CD3-E5DC-499F-9887-5770D1D627FF}.Release|Mixed Platforms.ActiveCfg = Release|Win32
		{654A6CD3-E5DC-499F-9887-5770D1D627FF}.Release|Mixed Platforms.Build.0 = Release|Win32
		{654A6CD3-E5DC-499F-9887-5770D1D627FF}.Release|Win32.ActiveCfg = Release|Win32
		{654A6CD3-E5DC-499F-9887-5770D1D627FF}.Release|Win32.Build.0 = Release|Win32
		{654A6CD3-E5DC-499F-9887-5770D1D627FF}.发布版本|Any CPU.ActiveCfg = 发布版本|Win32
		{654A6CD3-E5DC-499F-9887-5770D1D627FF}.发布版本|Mixed Platforms.ActiveCfg = 发布版本|Win32
		{654A6CD3-E5DC-499F-9887-5770D1D627FF}.发布版本|Mixed Platforms.Build.0 = 发布版本|Win32
		{654A6CD3-E5DC-499F-9887-5770D1D627FF}.发布版本|Win32.ActiveCfg = 发布版本|Win32
		{654A6CD3-E5DC-499F-9887-5770D1D627FF}.发布版本|Win32.Build.0 = 发布版本|Win32
		{4E55FA19-3BAB-4229-8819-9EA7873A5E90}.Debug|Any CPU.ActiveCfg = Debug|Any CPU
		{4E55FA19-3BAB-4229-8819-9EA7873A5E90}.Debug|Any CPU.Build.0 = Debug|Any CPU
		{4E55FA19-3BAB-4229-8819-9EA7873A5E90}.Debug|Mixed Platforms.ActiveCfg = Debug|Any CPU
		{4E55FA19-3BAB-4229-8819-9EA7873A5E90}.Debug|Mixed Platforms.Build.0 = Debug|Any CPU
		{4E55FA19-3BAB-4229-8819-9EA7873A5E90}.Debug|Win32.ActiveCfg = Debug|Any CPU
		{4E55FA19-3BAB-4229-8819-9EA7873A5E90}.Release|Any CPU.ActiveCfg = Release|Any CPU
		{4E55FA19-3BAB-4229-8819-9EA7873A5E90}.Release|Any CPU.Build.0 = Release|Any CPU
		{4E55FA19-3BAB-4229-8819-9EA7873A5E90}.Release|Mixed Platforms.ActiveCfg = Release|Any CPU
		{4E55FA19-3BAB-4229-8819-9EA7873A5E90}.Release|Mixed Platforms.Build.0 = Release|Any CPU
		{4E55FA19-3BAB-4229-8819-9EA7873A5E90}.Release|Win32.ActiveCfg = Release|Any CPU
		{4E55FA19-3BAB-4229-8819-9EA7873A5E90}.发布版本|Any CPU.ActiveCfg = 发布版本|Any CPU
		{4E55FA19-3BAB-4229-8819-9EA7873A5E90}.发布版本|Any CPU.Build.0 = 发布版本|Any CPU
		{4E55FA19-3BAB-4229-8819-9EA7873A5E90}.发布版本|Mixed Platforms.ActiveCfg = 发布版本|Any CPU
		{4E55FA19-3BAB-4229-8819-9EA7873A5E90}.发布版本|Mixed Platforms.Build.0 = 发布版本|Any CPU
		{4E55FA19-3BAB-4229-8819-9EA7873A5E90}.发布版本|Win32.ActiveCfg = 发布版本|Any CPU
		{F54DAD0F-570F-45E9-8F9C-61A3BCC4476D}.Debug|Any CPU.ActiveCfg = Debug|Any CPU
		{F54DAD0F-570F-45E9-8F9C-61A3BCC4476D}.Debug|Any CPU.Build.0 = Debug|Any CPU
		{F54DAD0F-570F-45E9-8F9C-61A3BCC4476D}.Debug|Mixed Platforms.ActiveCfg = Debug|Any CPU
		{F54DAD0F-570F-45E9-8F9C-61A3BCC4476D}.Debug|Mixed Platforms.Build.0 = Debug|Any CPU
		{F54DAD0F-570F-45E9-8F9C-61A3BCC4476D}.Debug|Win32.ActiveCfg = Debug|Any CPU
		{F54DAD0F-570F-45E9-8F9C-61A3BCC4476D}.Release|Any CPU.ActiveCfg = Release|Any CPU
		{F54DAD0F-570F-45E9-8F9C-61A3BCC4476D}.Release|Any CPU.Build.0 = Release|Any CPU
		{F54DAD0F-570F-45E9-8F9C-61A3BCC4476D}.Release|Mixed Platforms.ActiveCfg = Release|Any CPU
		{F54DAD0F-570F-45E9-8F9C-61A3BCC4476D}.Release|Mixed Platforms.Build.0 = Release|Any CPU
		{F54DAD0F-570F-45E9-8F9C-61A3BCC4476D}.Release|Win32.ActiveCfg = Release|Any CPU
		{F54DAD0F-570F-45E9-8F9C-61A3BCC4476D}.发布版本|Any CPU.ActiveCfg = 发布版本|Any CPU
		{F54DAD0F-570F-45E9-8F9C-61A3BCC4476D}.发布版本|Any CPU.Build.0 = 发布版本|Any CPU
		{F54DAD0F-570F-45E9-8F9C-61A3BCC4476D}.发布版本|Mixed Platforms.ActiveCfg = 发布版本|Any CPU
		{F54DAD0F-570F-45E9-8F9C-61A3BCC4476D}.发布版本|Mixed Platforms.Build.0 = 发布版本|Any CPU
		{F54DAD0F-570F-45E9-8F9C-61A3BCC4476D}.发布版本|Win32.ActiveCfg = 发布版本|Any CPU
		{6BD8E842-723A-47BA-83A4-FA357465DC13}.Debug|Any CPU.ActiveCfg = Debug|Win32
		{6BD8E842-723A-47BA-83A4-FA357465DC13}.Debug|Mixed Platforms.ActiveCfg = Debug|Win32
		{6BD8E842-723A-47BA-83A4-FA357465DC13}.Debug|Mixed Platforms.Build.0 = Debug|Win32
		{6BD8E842-723A-47BA-83A4-FA357465DC13}.Debug|Win32.ActiveCfg = Debug|Win32
		{6BD8E842-723A-47BA-83A4-FA357465DC13}.Debug|Win32.Build.0 = Debug|Win32
		{6BD8E842-723A-47BA-83A4-FA357465DC13}.Release|Any CPU.ActiveCfg = Release|Win32
		{6BD8E842-723A-47BA-83A4-FA357465DC13}.Release|Mixed Platforms.ActiveCfg = Release|Win32
		{6BD8E842-723A-47BA-83A4-FA357465DC13}.Release|Mixed Platforms.Build.0 = Release|Win32
		{6BD8E842-723A-47BA-83A4-FA357465DC13}.Release|Win32.ActiveCfg = Release|Win32
		{6BD8E842-723A-47BA-83A4-FA357465DC13}.Release|Win32.Build.0 = Release|Win32
		{6BD8E842-723A-47BA-83A4-FA357465DC13}.发布版本|Any CPU.ActiveCfg = 发布版本|Win32
		{6BD8E842-723A-47BA-83A4-FA357465DC13}.发布版本|Mixed Platforms.ActiveCfg = 发布版本|Win32
		{6BD8E842-723A-47BA-83A4-FA357465DC13}.发布版本|Mixed Platforms.Build.0 = 发布版本|Win32
		{6BD8E842-723A-47BA-83A4-FA357465DC13}.发布版本|Win32.ActiveCfg = 发布版本|Win32
		{6BD8E842-723A-47BA-83A4-FA357465DC13}.发布版本|Win32.Build.0 = 发布版本|Win32
		{FDE79515-195F-4C3F-98EB-FB9D47839D9D}.Debug|Any CPU.ActiveCfg = Debug|Win32
		{FDE79515-195F-4C3F-98EB-FB9D47839D9D}.Debug|Mixed Platforms.ActiveCfg = Debug|Win32
		{FDE79515-195F-4C3F-98EB-FB9D47839D9D}.Debug|Mixed Platforms.Build.0 = Debug|Win32
		{FDE79515-195F-4C3F-98EB-FB9D47839D9D}.Debug|Win32.ActiveCfg = Debug|Win32
		{FDE79515-195F-4C3F-98EB-FB9D47839D9D}.Debug|Win32.Build.0 = Debug|Win32
		{FDE79515-195F-4C3F-98EB-FB9D47839D9D}.Release|Any CPU.ActiveCfg = Release|Win32
		{FDE79515-195F-4C3F-98EB-FB9D47839D9D}.Release|Mixed Platforms.ActiveCfg = Release|Win32
		{FDE79515-195F-4C3F-98EB-FB9D47839D9D}.Release|Mixed Platforms.Build.0 = Release|Win32
		{FDE79515-195F-4C3F-98EB-FB9D47839D9D}.Release|Win32.ActiveCfg = Release|Win32
		{FDE79515-195F-4C3F-98EB-FB9D47839D9D}.Release|Win32.Build.0 = Release|Win32
		{FDE79515-195F-4C3F-98EB-FB9D47839D9D}.发布版本|Any CPU.ActiveCfg = 发布版本|Win32
		{FDE79515-195F-4C3F-98EB-FB9D47839D9D}.发布版本|Mixed Platforms.ActiveCfg = 发布版本|Win32
		{FDE79515-195F-4C3F-98EB-FB9D47839D9D}.发布版本|Mixed Platforms.Build.0 = 发布版本|Win32
		{FDE79515-195F-4C3F-98EB-FB9D47839D9D}.发布版本|Win32.ActiveCfg = 发布版本|Win32
		{FDE79515-195F-4C3F-98EB-FB9D47839D9D}.发布版本|Win32.Build.0 = 发布版本|Win32
		{B7BB166E-50C9-4482-BAB6-B56541A068FF}.Debug|Any CPU.ActiveCfg = Debug|Win32
		{B7BB166E-50C9-4482-BAB6-B56541A068FF}.Debug|Mixed Platforms.ActiveCfg = Debug|Win32
		{B7BB166E-50C9-4482-BAB6-B56541A068FF}.Debug|Mixed Platforms.Build.0 = Debug|Win32
		{B7BB166E-50C9-4482-BAB6-B56541A068FF}.Debug|Win32.ActiveCfg = Debug|Win32
		{B7BB166E-50C9-4482-BAB6-B56541A068FF}.Debug|Win32.Build.0 = Debug|Win32
		{B7BB166E-50C9-4482-BAB6-B56541A068FF}.Release|Any CPU.ActiveCfg = Release|Win32
		{B7BB166E-50C9-4482-BAB6-B56541A068FF}.Release|Mixed Platforms.ActiveCfg = Release|Win32
		{B7BB166E-50C9-4482-BAB6-B56541A068FF}.Release|Mixed Platforms.Build.0 = Release|Win32
		{B7BB166E-50C9-4482-BAB6-B56541A068FF}.Release|Win32.ActiveCfg = Release|Win32
		{B7BB166E-50C9-4482-BAB6-B56541A068FF}.Release|Win32.Build.0 = Release|Win32
		{B7BB166E-50C9-4482-BAB6-B56541A068FF}.发布版本|Any CPU.ActiveCfg = Release|Win32
		{B7BB166E-50C9-4482-BAB6-B56541A068FF}.发布版本|Mixed Platforms.ActiveCfg = Release|Win32
		{B7BB166E-50C9-4482-BAB6-B56541A068FF}.发布版本|Mixed Platforms.Build.0 = Release|Win32
		{B7BB166E-50C9-4482-BAB6-B56541A068FF}.发布版本|Win32.ActiveCfg = Release|Win32
		{B7BB166E-50C9-4482-BAB6-B56541A068FF}.发布版本|Win32.Build.0 = Release|Win32
	EndGlobalSection
	GlobalSection(SolutionProperties) = preSolution
		HideSolutionNode = FALSE
	EndGlobalSection
EndGlobal
