<?xml version="1.0" encoding="utf-8"?>
<Project ToolsVersion="4.0" xmlns="http://schemas.microsoft.com/developer/msbuild/2003">
  <ItemGroup>
    <Filter Include="common_dll">
      <UniqueIdentifier>{1b4e1610-46b7-40a6-ad01-162a698fef31}</UniqueIdentifier>
    </Filter>
    <Filter Include="common">
      <UniqueIdentifier>{bae74e64-f436-49fd-bd6e-531a81d3ada0}</UniqueIdentifier>
    </Filter>
    <Filter Include="common\tests">
      <UniqueIdentifier>{279be1b9-5fd6-474c-ad00-59235b8f5789}</UniqueIdentifier>
    </Filter>
    <Filter Include="common\util">
      <UniqueIdentifier>{fb855042-3094-49b9-b2ea-b3fe4fb7c6d0}</UniqueIdentifier>
    </Filter>
    <Filter Include="common\winctrl">
      <UniqueIdentifier>{5ba6dc03-054d-4b14-8fc0-30876cce430a}</UniqueIdentifier>
    </Filter>
    <Filter Include="common\process">
      <UniqueIdentifier>{8e312371-22b3-4811-a085-86015c36b87a}</UniqueIdentifier>
    </Filter>
    <Filter Include="common\task">
      <UniqueIdentifier>{0c3a63df-7e90-4360-bd55-8ee687460edd}</UniqueIdentifier>
    </Filter>
  </ItemGroup>
  <ItemGroup>
    <ClCompile Include="..\common_dll\jwebtop_dll.cpp">
      <Filter>common_dll</Filter>
    </ClCompile>
    <ClCompile Include="jwebtop_4csharp.cpp" />
    <ClCompile Include="..\common\JWebTopMsg.cpp">
      <Filter>common</Filter>
    </ClCompile>
    <ClCompile Include="..\common\tests\TestUtil.cpp">
      <Filter>common\tests</Filter>
    </ClCompile>
    <ClCompile Include="..\common\util\StrUtil.cpp">
      <Filter>common\util</Filter>
    </ClCompile>
    <ClCompile Include="..\common\winctrl\JWebTopWinCtrl.cpp">
      <Filter>common\winctrl</Filter>
    </ClCompile>
    <ClCompile Include="..\common\process\MultiProcess.cpp">
      <Filter>common\process</Filter>
    </ClCompile>
    <ClCompile Include="..\common\task\Task.cpp">
      <Filter>common\task</Filter>
    </ClCompile>
  </ItemGroup>
  <ItemGroup>
    <ClInclude Include="..\common_dll\jwebtop_dll.h">
      <Filter>common_dll</Filter>
    </ClInclude>
    <ClInclude Include="..\common\JWebTopMsg.h">
      <Filter>common</Filter>
    </ClInclude>
    <ClInclude Include="..\common\tests\TestUtil.h">
      <Filter>common\tests</Filter>
    </ClInclude>
    <ClInclude Include="..\common\util\StrUtil.h">
      <Filter>common\util</Filter>
    </ClInclude>
    <ClInclude Include="..\common\winctrl\JWebTopWinCtrl.h">
      <Filter>common\winctrl</Filter>
    </ClInclude>
    <ClInclude Include="..\common\process\MultiProcess.h">
      <Filter>common\process</Filter>
    </ClInclude>
    <ClInclude Include="..\common\task\Task.h">
      <Filter>common\task</Filter>
    </ClInclude>
    <ClInclude Include="jwebtop_4csharp.h" />
  </ItemGroup>
  <ItemGroup>
    <None Include="..\JWebTop_DLL\JWebTop_DLL.vcxproj" />
  </ItemGroup>
</Project>