<?xml version="1.0" encoding="utf-8"?>
<Project ToolsVersion="4.0" xmlns="http://schemas.microsoft.com/developer/msbuild/2003">
  <ItemGroup>
    <Filter Include="jwebtop">
      <UniqueIdentifier>{e9ce5d8b-9c05-463a-9d81-9e9c6bdea90f}</UniqueIdentifier>
    </Filter>
    <Filter Include="jwebtop\jshandler">
      <UniqueIdentifier>{b43e101a-d11f-47ba-9172-474cd600a5bc}</UniqueIdentifier>
    </Filter>
    <Filter Include="jwebtop\browser">
      <UniqueIdentifier>{aa6858b3-c3c5-422c-89f2-74b424b0bc69}</UniqueIdentifier>
    </Filter>
    <Filter Include="common">
      <UniqueIdentifier>{eafbce3d-04a9-4074-b61c-bf066c5b9e97}</UniqueIdentifier>
    </Filter>
    <Filter Include="common\tests">
      <UniqueIdentifier>{83533c7e-2865-45c2-b014-6db11f2d7f63}</UniqueIdentifier>
    </Filter>
    <Filter Include="common\util">
      <UniqueIdentifier>{4a962bb5-b67c-4460-88f0-5e9f40f0b1f2}</UniqueIdentifier>
    </Filter>
    <Filter Include="common\winctrl">
      <UniqueIdentifier>{8e52f096-6ad9-4287-b714-d40b4cfd37e7}</UniqueIdentifier>
    </Filter>
    <Filter Include="jwebtop\config">
      <UniqueIdentifier>{0ca933e2-3234-4412-acc4-b3d0c2bd5ae8}</UniqueIdentifier>
    </Filter>
    <Filter Include="jwebtop\wndproc">
      <UniqueIdentifier>{a5a0abef-2d58-4034-adb1-b568f42e7dc1}</UniqueIdentifier>
    </Filter>
    <Filter Include="common\process">
      <UniqueIdentifier>{40726deb-62ab-4982-af06-1c4f6d9054cb}</UniqueIdentifier>
    </Filter>
    <Filter Include="common\task">
      <UniqueIdentifier>{2eb9f872-8eee-4b82-aa36-7cfc5aebefd3}</UniqueIdentifier>
    </Filter>
    <Filter Include="common\msgwin">
      <UniqueIdentifier>{d5101867-28c7-4666-a40c-a777de317e67}</UniqueIdentifier>
    </Filter>
  </ItemGroup>
  <ItemGroup>
    <ClCompile Include="JWebTop_main.cpp">
      <Filter>jwebtop</Filter>
    </ClCompile>
    <ClCompile Include="browser\JWebTopRenderer.cc">
      <Filter>jwebtop\browser</Filter>
    </ClCompile>
    <ClCompile Include="browser\JWebTopCommons.cpp">
      <Filter>jwebtop\browser</Filter>
    </ClCompile>
    <ClCompile Include="browser\JWebTopApp.cpp">
      <Filter>jwebtop\browser</Filter>
    </ClCompile>
    <ClCompile Include="browser\JWebTopClient.cc">
      <Filter>jwebtop\browser</Filter>
    </ClCompile>
    <ClCompile Include="jshandler\JWebTopJSHanlder.cpp">
      <Filter>jwebtop\jshandler</Filter>
    </ClCompile>
    <ClCompile Include="..\common\tests\TestUtil.cpp">
      <Filter>common\tests</Filter>
    </ClCompile>
    <ClCompile Include="..\common\util\StrUtil.cpp">
      <Filter>common\util</Filter>
    </ClCompile>
    <ClCompile Include="..\common\winctrl\JWebTopWinCtrl.cpp">
      <Filter>common\winctrl</Filter>
    </ClCompile>
    <ClCompile Include="config\JWebTopConfigs.cpp">
      <Filter>jwebtop\config</Filter>
    </ClCompile>
    <ClCompile Include="wndproc\JWebTopWndProc.cpp">
      <Filter>jwebtop\wndproc</Filter>
    </ClCompile>
    <ClCompile Include="..\common\process\MultiProcess.cpp">
      <Filter>common\process</Filter>
    </ClCompile>
    <ClCompile Include="..\common\task\Task.cpp">
      <Filter>common\task</Filter>
    </ClCompile>
    <ClCompile Include="..\common\JWebTopMsg.cpp">
      <Filter>common</Filter>
    </ClCompile>
    <ClCompile Include="..\common\msgwin\MsgWin.cpp">
      <Filter>common\msgwin</Filter>
    </ClCompile>
  </ItemGroup>
  <ItemGroup>
    <ClInclude Include="browser\JWebTopCommons.h">
      <Filter>jwebtop\browser</Filter>
    </ClInclude>
    <ClInclude Include="browser\JWebTopApp.h">
      <Filter>jwebtop\browser</Filter>
    </ClInclude>
    <ClInclude Include="browser\JWebTopClient.h">
      <Filter>jwebtop\browser</Filter>
    </ClInclude>
    <ClInclude Include="jshandler\JWebTopJSHanlder.h">
      <Filter>jwebtop\jshandler</Filter>
    </ClInclude>
    <ClInclude Include="jshandler\JJH_Windows.h">
      <Filter>jwebtop\jshandler</Filter>
    </ClInclude>
    <ClInclude Include="..\common\tests\TestUtil.h">
      <Filter>common\tests</Filter>
    </ClInclude>
    <ClInclude Include="..\common\util\StrUtil.h">
      <Filter>common\util</Filter>
    </ClInclude>
    <ClInclude Include="..\common\winctrl\JWebTopWinCtrl.h">
      <Filter>common\winctrl</Filter>
    </ClInclude>
    <ClInclude Include="config\JWebTopConfigs.h">
      <Filter>jwebtop\config</Filter>
    </ClInclude>
    <ClInclude Include="wndproc\JWebTopWndProc.h">
      <Filter>jwebtop\wndproc</Filter>
    </ClInclude>
    <ClInclude Include="..\common\process\MultiProcess.h">
      <Filter>common\process</Filter>
    </ClInclude>
    <ClInclude Include="..\common\JWebTopMsg.h">
      <Filter>common</Filter>
    </ClInclude>
    <ClInclude Include="..\common\task\Task.h">
      <Filter>common\task</Filter>
    </ClInclude>
    <ClInclude Include="..\common\msgwin\MsgWin.h">
      <Filter>common\msgwin</Filter>
    </ClInclude>
  </ItemGroup>
</Project>